{
  "lockfileVersion": 1,
  "configVersion": 1,
  "workspaces": {
    "": {
      "name": "@drsmile1001/lib",
      "devDependencies": {
        "@trivago/prettier-plugin-sort-imports": "^5.2.2",
        "prettier": "^3.6.2",
        "typescript": "^5.9.3",
      },
    },
    "packages/app-info": {
      "name": "@drsmile1001/app-info",
      "version": "1.0.0",
      "dependencies": {
        "@drsmile1001/utils": "^1.0.0",
        "@sinclair/typebox": "^0.34.47",
      },
      "devDependencies": {
        "@types/bun": "latest",
      },
    },
    "packages/config-factory": {
      "name": "@drsmile1001/config-factory",
      "version": "1.0.0",
      "dependencies": {
        "@sinclair/typebox": "^0.34.47",
      },
      "devDependencies": {
        "@types/bun": "latest",
      },
    },
    "packages/devkit-cli": {
      "name": "@drsmile1001/devkit-cli",
      "version": "1.0.0",
      "dependencies": {
        "@drsmile1001/logger": "^1.0.0",
        "cac": "^6.7.14",
        "kleur": "^4.1.5",
      },
      "devDependencies": {
        "@types/bun": "latest",
      },
    },
    "packages/dump-writer": {
      "name": "@drsmile1001/dump-writer",
      "version": "1.0.0",
      "dependencies": {
        "@drsmile1001/logger": "^1.0.0",
        "@drsmile1001/utils-yaml": "^1.0.0",
        "date-fns": "^4.1.0",
        "yaml": "^2.8.1",
      },
      "devDependencies": {
        "@types/bun": "latest",
      },
    },
    "packages/entity-store": {
      "name": "@drsmile1001/entity-store",
      "version": "1.0.0",
      "dependencies": {
        "@drsmile1001/logger": "^1.0.0",
        "@drsmile1001/utils": "^1.0.0",
        "@sinclair/typebox": "^0.34.48",
      },
      "devDependencies": {
        "@types/bun": "latest",
        "typescript": "^5.9.3",
        "ulid": "^3.0.2",
      },
    },
    "packages/event-bus": {
      "name": "@drsmile1001/event-bus",
      "version": "1.0.0",
      "dependencies": {
        "@drsmile1001/utils": "^1.0.0",
      },
      "devDependencies": {
        "@types/bun": "latest",
      },
    },
    "packages/event-bus-nats": {
      "name": "@drsmile1001/event-bus-nats",
      "version": "1.0.0",
      "dependencies": {
        "@drsmile1001/event-bus": "^1.0.0",
        "@drsmile1001/logger": "^1.0.0",
        "@drsmile1001/utils": "^1.0.0",
        "@nats-io/jetstream": "^3.2.0",
        "@nats-io/transport-node": "^3.2.0",
        "@sinclair/typebox": "^0.34.47",
      },
      "devDependencies": {
        "@drsmile1001/config-factory": "^1.0.0",
        "@drsmile1001/testkit": "^1.0.0",
        "@types/bun": "latest",
      },
    },
    "packages/logger": {
      "name": "@drsmile1001/logger",
      "version": "2.0.0",
      "dependencies": {
        "kleur": "^4.1.5",
        "rotating-file-stream": "^3.2.7",
      },
      "devDependencies": {
        "@drsmile1001/config-factory": "^1.0.0",
        "@drsmile1001/utils": "^1.0.0",
        "@sinclair/typebox": "^0.34.47",
        "@types/bun": "latest",
      },
    },
    "packages/plugin-loader": {
      "name": "@drsmile1001/plugin-loader",
      "version": "1.0.0",
      "dependencies": {
        "@drsmile1001/logger": "^1.0.0",
        "@drsmile1001/service-map": "^1.0.0",
        "@drsmile1001/utils": "^1.0.0",
        "@sinclair/typebox": "^0.34.47",
      },
      "devDependencies": {
        "@drsmile1001/testkit": "^1.0.0",
        "@types/bun": "latest",
      },
    },
    "packages/safe-exit": {
      "name": "@drsmile1001/safe-exit",
      "version": "1.0.0",
      "dependencies": {
        "@drsmile1001/logger": "^2.0.0",
      },
      "devDependencies": {
        "@types/bun": "^1.3.10",
      },
    },
    "packages/scheduler-service": {
      "name": "@drsmile1001/scheduler-service",
      "version": "1.0.0",
      "dependencies": {
        "@drsmile1001/logger": "^1.0.0",
        "@drsmile1001/utils": "^1.0.0",
        "croner": "^9.1.0",
      },
      "devDependencies": {
        "@types/bun": "latest",
      },
    },
    "packages/service-map": {
      "name": "@drsmile1001/service-map",
      "version": "1.0.0",
      "dependencies": {
        "@drsmile1001/logger": "^1.0.0",
        "@drsmile1001/utils": "^1.0.0",
      },
      "devDependencies": {
        "@types/bun": "latest",
      },
    },
    "packages/structured-interpreter": {
      "name": "@drsmile1001/structured-interpreter",
      "version": "1.0.0",
      "dependencies": {
        "@drsmile1001/utils": "^1.0.0",
        "@sinclair/typebox": "^0.34.47",
      },
      "devDependencies": {
        "@drsmile1001/testkit": "^1.0.0",
        "@types/bun": "latest",
      },
    },
    "packages/system-time": {
      "name": "@drsmile1001/system-time",
      "version": "1.0.0",
      "devDependencies": {
        "@types/bun": "latest",
      },
    },
    "packages/testkit": {
      "name": "@drsmile1001/testkit",
      "version": "1.1.0",
      "dependencies": {
        "@drsmile1001/config-factory": "^1.0.0",
        "@drsmile1001/logger": "^2.0.0",
        "@drsmile1001/utils": "^1.0.0",
        "@sinclair/typebox": "^0.34.47",
      },
      "devDependencies": {
        "@types/bun": "latest",
      },
    },
    "packages/utils": {
      "name": "@drsmile1001/utils",
      "version": "1.0.0",
      "devDependencies": {
        "@types/bun": "latest",
      },
    },
    "packages/utils-ky": {
      "name": "@drsmile1001/utils-ky",
      "version": "1.0.0",
      "dependencies": {
        "ky": "^1.11.0",
      },
      "devDependencies": {
        "@types/bun": "latest",
      },
    },
    "packages/utils-typebox": {
      "name": "@drsmile1001/utils-typebox",
      "version": "1.0.0",
      "dependencies": {
        "@sinclair/typebox": "^0.34.47",
      },
      "devDependencies": {
        "@types/bun": "latest",
      },
    },
    "packages/utils-yaml": {
      "name": "@drsmile1001/utils-yaml",
      "version": "1.0.0",
      "dependencies": {
        "@drsmile1001/logger": "^1.0.0",
        "yaml": "^2.8.1",
      },
      "devDependencies": {
        "@types/bun": "latest",
      },
    },
  },
  "packages": {
    "@babel/code-frame": ["@babel/code-frame@7.29.0", "", { "dependencies": { "@babel/helper-validator-identifier": "^7.28.5", "js-tokens": "^4.0.0", "picocolors": "^1.1.1" } }, "sha512-9NhCeYjq9+3uxgdtp20LSiJXJvN0FeCtNGpJxuMFZ1Kv3cWUNb6DOhJwUvcVCzKGR66cw4njwM6hrJLqgOwbcw=="],

    "@babel/generator": ["@babel/generator@7.29.1", "", { "dependencies": { "@babel/parser": "^7.29.0", "@babel/types": "^7.29.0", "@jridgewell/gen-mapping": "^0.3.12", "@jridgewell/trace-mapping": "^0.3.28", "jsesc": "^3.0.2" } }, "sha512-qsaF+9Qcm2Qv8SRIMMscAvG4O3lJ0F1GuMo5HR/Bp02LopNgnZBC/EkbevHFeGs4ls/oPz9v+Bsmzbkbe+0dUw=="],

    "@babel/helper-globals": ["@babel/helper-globals@7.28.0", "", {}, "sha512-+W6cISkXFa1jXsDEdYA8HeevQT/FULhxzR99pxphltZcVaugps53THCeiWA8SguxxpSp3gKPiuYfSWopkLQ4hw=="],

    "@babel/helper-string-parser": ["@babel/helper-string-parser@7.27.1", "", {}, "sha512-qMlSxKbpRlAridDExk92nSobyDdpPijUq2DW6oDnUqd0iOGxmQjyqhMIihI9+zv4LPyZdRje2cavWPbCbWm3eA=="],

    "@babel/helper-validator-identifier": ["@babel/helper-validator-identifier@7.28.5", "", {}, "sha512-qSs4ifwzKJSV39ucNjsvc6WVHs6b7S03sOh2OcHF9UHfVPqWWALUsNUVzhSBiItjRZoLHx7nIarVjqKVusUZ1Q=="],

    "@babel/parser": ["@babel/parser@7.29.0", "", { "dependencies": { "@babel/types": "^7.29.0" }, "bin": "./bin/babel-parser.js" }, "sha512-IyDgFV5GeDUVX4YdF/3CPULtVGSXXMLh1xVIgdCgxApktqnQV0r7/8Nqthg+8YLGaAtdyIlo2qIdZrbCv4+7ww=="],

    "@babel/template": ["@babel/template@7.28.6", "", { "dependencies": { "@babel/code-frame": "^7.28.6", "@babel/parser": "^7.28.6", "@babel/types": "^7.28.6" } }, "sha512-YA6Ma2KsCdGb+WC6UpBVFJGXL58MDA6oyONbjyF/+5sBgxY/dwkhLogbMT2GXXyU84/IhRw/2D1Os1B/giz+BQ=="],

    "@babel/traverse": ["@babel/traverse@7.29.0", "", { "dependencies": { "@babel/code-frame": "^7.29.0", "@babel/generator": "^7.29.0", "@babel/helper-globals": "^7.28.0", "@babel/parser": "^7.29.0", "@babel/template": "^7.28.6", "@babel/types": "^7.29.0", "debug": "^4.3.1" } }, "sha512-4HPiQr0X7+waHfyXPZpWPfWL/J7dcN1mx9gL6WdQVMbPnF3+ZhSMs8tCxN7oHddJE9fhNE7+lxdnlyemKfJRuA=="],

    "@babel/types": ["@babel/types@7.29.0", "", { "dependencies": { "@babel/helper-string-parser": "^7.27.1", "@babel/helper-validator-identifier": "^7.28.5" } }, "sha512-LwdZHpScM4Qz8Xw2iKSzS+cfglZzJGvofQICy7W7v4caru4EaAmyUuO6BGrbyQ2mYV11W0U8j5mBhd14dd3B0A=="],

    "@drsmile1001/app-info": ["@drsmile1001/app-info@workspace:packages/app-info"],

    "@drsmile1001/config-factory": ["@drsmile1001/config-factory@workspace:packages/config-factory"],

    "@drsmile1001/devkit-cli": ["@drsmile1001/devkit-cli@workspace:packages/devkit-cli"],

    "@drsmile1001/dump-writer": ["@drsmile1001/dump-writer@workspace:packages/dump-writer"],

    "@drsmile1001/entity-store": ["@drsmile1001/entity-store@workspace:packages/entity-store"],

    "@drsmile1001/event-bus": ["@drsmile1001/event-bus@workspace:packages/event-bus"],

    "@drsmile1001/event-bus-nats": ["@drsmile1001/event-bus-nats@workspace:packages/event-bus-nats"],

    "@drsmile1001/logger": ["@drsmile1001/logger@workspace:packages/logger"],

    "@drsmile1001/plugin-loader": ["@drsmile1001/plugin-loader@workspace:packages/plugin-loader"],

    "@drsmile1001/safe-exit": ["@drsmile1001/safe-exit@workspace:packages/safe-exit"],

    "@drsmile1001/scheduler-service": ["@drsmile1001/scheduler-service@workspace:packages/scheduler-service"],

    "@drsmile1001/service-map": ["@drsmile1001/service-map@workspace:packages/service-map"],

    "@drsmile1001/structured-interpreter": ["@drsmile1001/structured-interpreter@workspace:packages/structured-interpreter"],

    "@drsmile1001/system-time": ["@drsmile1001/system-time@workspace:packages/system-time"],

    "@drsmile1001/testkit": ["@drsmile1001/testkit@workspace:packages/testkit"],

    "@drsmile1001/utils": ["@drsmile1001/utils@workspace:packages/utils"],

    "@drsmile1001/utils-ky": ["@drsmile1001/utils-ky@workspace:packages/utils-ky"],

    "@drsmile1001/utils-typebox": ["@drsmile1001/utils-typebox@workspace:packages/utils-typebox"],

    "@drsmile1001/utils-yaml": ["@drsmile1001/utils-yaml@workspace:packages/utils-yaml"],

    "@jridgewell/gen-mapping": ["@jridgewell/gen-mapping@0.3.13", "", { "dependencies": { "@jridgewell/sourcemap-codec": "^1.5.0", "@jridgewell/trace-mapping": "^0.3.24" } }, "sha512-2kkt/7niJ6MgEPxF0bYdQ6etZaA+fQvDcLKckhy1yIQOzaoKjBBjSj63/aLVjYE3qhRt5dvM+uUyfCg6UKCBbA=="],

    "@jridgewell/resolve-uri": ["@jridgewell/resolve-uri@3.1.2", "", {}, "sha512-bRISgCIjP20/tbWSPWMEi54QVPRZExkuD9lJL+UIxUKtwVJA8wW1Trb1jMs1RFXo1CBTNZ/5hpC9QvmKWdopKw=="],

    "@jridgewell/sourcemap-codec": ["@jridgewell/sourcemap-codec@1.5.5", "", {}, "sha512-cYQ9310grqxueWbl+WuIUIaiUaDcj7WOq5fVhEljNVgRfOUhY9fy2zTvfoqWsnebh8Sl70VScFbICvJnLKB0Og=="],

    "@jridgewell/trace-mapping": ["@jridgewell/trace-mapping@0.3.31", "", { "dependencies": { "@jridgewell/resolve-uri": "^3.1.0", "@jridgewell/sourcemap-codec": "^1.4.14" } }, "sha512-zzNR+SdQSDJzc8joaeP8QQoCQr8NuYx2dIIytl1QeBEZHJ9uW6hebsrYgbz8hJwUQao3TWCMtmfV8Nu1twOLAw=="],

    "@nats-io/jetstream": ["@nats-io/jetstream@3.3.1", "", { "dependencies": { "@nats-io/nats-core": "3.3.1" } }, "sha512-oTIxM47pQfv4zCMlLN7FtARxSclMlUUPPn9I3VxRwMH+N2jkj1WCApu+tSL778KuljxfG8txi/MPwoWSXqbbQQ=="],

    "@nats-io/nats-core": ["@nats-io/nats-core@3.3.1", "", { "dependencies": { "@nats-io/nkeys": "2.0.3", "@nats-io/nuid": "2.0.3" } }, "sha512-myFXGTo4cCfKrsLDjkoEz7FjjjvSfBRjun7Qx3n3Z5OzW4JUY8Ou7VQsGAdXLQxHN3ae/XNXvmXxshDoFPex4w=="],

    "@nats-io/nkeys": ["@nats-io/nkeys@2.0.3", "", { "dependencies": { "tweetnacl": "^1.0.3" } }, "sha512-JVt56GuE6Z89KUkI4TXUbSI9fmIfAmk6PMPknijmuL72GcD+UgIomTcRWiNvvJKxA01sBbmIPStqJs5cMRBC3A=="],

    "@nats-io/nuid": ["@nats-io/nuid@2.0.3", "", {}, "sha512-TpA3HEBna/qMVudy+3HZr5M3mo/L1JPofpVT4t0HkFGkz2Cn9wrlrQC8tvR8Md5Oa9//GtGG26eN0qEWF5Vqew=="],

    "@nats-io/transport-node": ["@nats-io/transport-node@3.3.1", "", { "dependencies": { "@nats-io/nats-core": "3.3.1", "@nats-io/nkeys": "2.0.3", "@nats-io/nuid": "2.0.3" } }, "sha512-GBvY0VcvyQEILgy5bjpqU1GpDYmSF06bW59I7cewZuNGS9u3AoV/gf+a+3ep45T/Z+UC661atq/b7x+QV12w+Q=="],

    "@sinclair/typebox": ["@sinclair/typebox@0.34.47", "", {}, "sha512-ZGIBQ+XDvO5JQku9wmwtabcVTHJsgSWAHYtVuM9pBNNR5E88v6Jcj/llpmsjivig5X8A8HHOb4/mbEKPS5EvAw=="],

    "@trivago/prettier-plugin-sort-imports": ["@trivago/prettier-plugin-sort-imports@5.2.2", "", { "dependencies": { "@babel/generator": "^7.26.5", "@babel/parser": "^7.26.7", "@babel/traverse": "^7.26.7", "@babel/types": "^7.26.7", "javascript-natural-sort": "^0.7.1", "lodash": "^4.17.21" }, "peerDependencies": { "@vue/compiler-sfc": "3.x", "prettier": "2.x - 3.x", "prettier-plugin-svelte": "3.x", "svelte": "4.x || 5.x" }, "optionalPeers": ["@vue/compiler-sfc", "prettier-plugin-svelte", "svelte"] }, "sha512-fYDQA9e6yTNmA13TLVSA+WMQRc5Bn/c0EUBditUHNfMMxN7M82c38b1kEggVE3pLpZ0FwkwJkUEKMiOi52JXFA=="],

    "@types/bun": ["@types/bun@1.3.10", "", { "dependencies": { "bun-types": "1.3.10" } }, "sha512-0+rlrUrOrTSskibryHbvQkDOWRJwJZqZlxrUs1u4oOoTln8+WIXBPmAuCF35SWB2z4Zl3E84Nl/D0P7803nigQ=="],

    "@types/node": ["@types/node@25.0.9", "", { "dependencies": { "undici-types": "~7.16.0" } }, "sha512-/rpCXHlCWeqClNBwUhDcusJxXYDjZTyE8v5oTO7WbL8eij2nKhUeU89/6xgjU7N4/Vh3He0BtyhJdQbDyhiXAw=="],

    "bun-types": ["bun-types@1.3.10", "", { "dependencies": { "@types/node": "*" } }, "sha512-tcpfCCl6XWo6nCVnpcVrxQ+9AYN1iqMIzgrSKYMB/fjLtV2eyAVEg7AxQJuCq/26R6HpKWykQXuSOq/21RYcbg=="],

    "cac": ["cac@6.7.14", "", {}, "sha512-b6Ilus+c3RrdDk+JhLKUAQfzzgLEPy6wcXqS7f/xe1EETvsDP6GORG7SFuOs6cID5YkqchW/LXZbX5bc8j7ZcQ=="],

    "croner": ["croner@9.1.0", "", {}, "sha512-p9nwwR4qyT5W996vBZhdvBCnMhicY5ytZkR4D1Xj0wuTDEiMnjwR57Q3RXYY/s0EpX6Ay3vgIcfaR+ewGHsi+g=="],

    "date-fns": ["date-fns@4.1.0", "", {}, "sha512-Ukq0owbQXxa/U3EGtsdVBkR1w7KOQ5gIBqdH2hkvknzZPYvBxb/aa6E8L7tmjFtkwZBu3UXBbjIgPo/Ez4xaNg=="],

    "debug": ["debug@4.4.3", "", { "dependencies": { "ms": "^2.1.3" } }, "sha512-RGwwWnwQvkVfavKVt22FGLw+xYSdzARwm0ru6DhTVA3umU5hZc28V3kO4stgYryrTlLpuvgI9GiijltAjNbcqA=="],

    "javascript-natural-sort": ["javascript-natural-sort@0.7.1", "", {}, "sha512-nO6jcEfZWQXDhOiBtG2KvKyEptz7RVbpGP4vTD2hLBdmNQSsCiicO2Ioinv6UI4y9ukqnBpy+XZ9H6uLNgJTlw=="],

    "js-tokens": ["js-tokens@4.0.0", "", {}, "sha512-RdJUflcE3cUzKiMqQgsCu06FPu9UdIJO0beYbPhHN4k6apgJtifcoCtT9bcxOpYBtpD2kCM6Sbzg4CausW/PKQ=="],

    "jsesc": ["jsesc@3.1.0", "", { "bin": { "jsesc": "bin/jsesc" } }, "sha512-/sM3dO2FOzXjKQhJuo0Q173wf2KOo8t4I8vHy6lF9poUp7bKT0/NHE8fPX23PwfhnykfqnC2xRxOnVw5XuGIaA=="],

    "kleur": ["kleur@4.1.5", "", {}, "sha512-o+NO+8WrRiQEE4/7nwRJhN1HWpVmJm511pBHUxPLtp0BUISzlBplORYSmTclCnJvQq2tKu/sgl3xVpkc7ZWuQQ=="],

    "ky": ["ky@1.14.3", "", {}, "sha512-9zy9lkjac+TR1c2tG+mkNSVlyOpInnWdSMiue4F+kq8TwJSgv6o8jhLRg8Ho6SnZ9wOYUq/yozts9qQCfk7bIw=="],

    "lodash": ["lodash@4.17.23", "", {}, "sha512-LgVTMpQtIopCi79SJeDiP0TfWi5CNEc/L/aRdTh3yIvmZXTnheWpKjSZhnvMl8iXbC1tFg9gdHHDMLoV7CnG+w=="],

    "ms": ["ms@2.1.3", "", {}, "sha512-6FlzubTLZG3J2a/NVCAleEhjzq5oxgHyaCU9yYXvcLsvoVaHJq/s5xXI6/XXP6tz7R9xAOtHnSO/tXtF3WRTlA=="],

    "picocolors": ["picocolors@1.1.1", "", {}, "sha512-xceH2snhtb5M9liqDsmEw56le376mTZkEX/jEb/RxNFyegNul7eNslCXP9FDj/Lcu0X8KEyMceP2ntpaHrDEVA=="],

    "prettier": ["prettier@3.8.1", "", { "bin": { "prettier": "bin/prettier.cjs" } }, "sha512-UOnG6LftzbdaHZcKoPFtOcCKztrQ57WkHDeRD9t/PTQtmT0NHSeWWepj6pS0z/N7+08BHFDQVUrfmfMRcZwbMg=="],

    "rotating-file-stream": ["rotating-file-stream@3.2.7", "", {}, "sha512-SVquhBEVvRFY+nWLUc791Y0MIlyZrEClRZwZFLLRgJKldHyV1z4e2e/dp9LPqCS3AM//uq/c3PnOFgjqnm5P+A=="],

    "tweetnacl": ["tweetnacl@1.0.3", "", {}, "sha512-6rt+RN7aOi1nGMyC4Xa5DdYiukl2UWCbcJft7YhxReBGQD7OAM8Pbxw6YMo4r2diNEA8FEmu32YOn9rhaiE5yw=="],

    "typescript": ["typescript@5.9.3", "", { "bin": { "tsc": "bin/tsc", "tsserver": "bin/tsserver" } }, "sha512-jl1vZzPDinLr9eUt3J/t7V6FgNEw9QjvBPdysz9KfQDD41fQrC2Y4vKQdiaUpFT4bXlb1RHhLpp8wtm6M5TgSw=="],

    "ulid": ["ulid@3.0.2", "", { "bin": { "ulid": "dist/cli.js" } }, "sha512-yu26mwteFYzBAot7KVMqFGCVpsF6g8wXfJzQUHvu1no3+rRRSFcSV2nKeYvNPLD2J4b08jYBDhHUjeH0ygIl9w=="],

    "undici-types": ["undici-types@7.16.0", "", {}, "sha512-Zz+aZWSj8LE6zoxD+xrjh4VfkIG8Ya6LvYkZqtUQGJPZjYl53ypCaUwWqo7eI0x66KBGeRo+mlBEkMSeSZ38Nw=="],

    "yaml": ["yaml@2.8.2", "", { "bin": { "yaml": "bin.mjs" } }, "sha512-mplynKqc1C2hTVYxd0PU2xQAc22TI1vShAYGksCCfxbn/dFwnHTNi1bvYsBTkhdUNtGIf5xNOg938rrSSYvS9A=="],

    "@drsmile1001/devkit-cli/@drsmile1001/logger": ["@drsmile1001/logger@1.0.0", "", { "dependencies": { "kleur": "^4.1.5", "rotating-file-stream": "^3.2.7" } }, "sha512-tCF0uCtHwesP4V5bQllEMHSaxZ3MJTzJyW4RAOsrtKHX28QwKJRgqG6yzcCZea5A6uDjKKprV4AV6cqzqxVqvg=="],

    "@drsmile1001/dump-writer/@drsmile1001/logger": ["@drsmile1001/logger@1.0.0", "", { "dependencies": { "kleur": "^4.1.5", "rotating-file-stream": "^3.2.7" } }, "sha512-tCF0uCtHwesP4V5bQllEMHSaxZ3MJTzJyW4RAOsrtKHX28QwKJRgqG6yzcCZea5A6uDjKKprV4AV6cqzqxVqvg=="],

    "@drsmile1001/entity-store/@drsmile1001/logger": ["@drsmile1001/logger@1.0.0", "", { "dependencies": { "kleur": "^4.1.5", "rotating-file-stream": "^3.2.7" } }, "sha512-tCF0uCtHwesP4V5bQllEMHSaxZ3MJTzJyW4RAOsrtKHX28QwKJRgqG6yzcCZea5A6uDjKKprV4AV6cqzqxVqvg=="],

    "@drsmile1001/entity-store/@sinclair/typebox": ["@sinclair/typebox@0.34.48", "", {}, "sha512-kKJTNuK3AQOrgjjotVxMrCn1sUJwM76wMszfq1kdU4uYVJjvEWuFQ6HgvLt4Xz3fSmZlTOxJ/Ie13KnIcWQXFA=="],

    "@drsmile1001/entity-store/@types/bun": ["@types/bun@1.3.11", "", { "dependencies": { "bun-types": "1.3.11" } }, "sha512-5vPne5QvtpjGpsGYXiFyycfpDF2ECyPcTSsFBMa0fraoxiQyMJ3SmuQIGhzPg2WJuWxVBoxWJ2kClYTcw/4fAg=="],

    "@drsmile1001/event-bus-nats/@drsmile1001/logger": ["@drsmile1001/logger@1.0.0", "", { "dependencies": { "kleur": "^4.1.5", "rotating-file-stream": "^3.2.7" } }, "sha512-tCF0uCtHwesP4V5bQllEMHSaxZ3MJTzJyW4RAOsrtKHX28QwKJRgqG6yzcCZea5A6uDjKKprV4AV6cqzqxVqvg=="],

    "@drsmile1001/plugin-loader/@drsmile1001/logger": ["@drsmile1001/logger@1.0.0", "", { "dependencies": { "kleur": "^4.1.5", "rotating-file-stream": "^3.2.7" } }, "sha512-tCF0uCtHwesP4V5bQllEMHSaxZ3MJTzJyW4RAOsrtKHX28QwKJRgqG6yzcCZea5A6uDjKKprV4AV6cqzqxVqvg=="],

    "@drsmile1001/scheduler-service/@drsmile1001/logger": ["@drsmile1001/logger@1.0.0", "", { "dependencies": { "kleur": "^4.1.5", "rotating-file-stream": "^3.2.7" } }, "sha512-tCF0uCtHwesP4V5bQllEMHSaxZ3MJTzJyW4RAOsrtKHX28QwKJRgqG6yzcCZea5A6uDjKKprV4AV6cqzqxVqvg=="],

    "@drsmile1001/service-map/@drsmile1001/logger": ["@drsmile1001/logger@1.0.0", "", { "dependencies": { "kleur": "^4.1.5", "rotating-file-stream": "^3.2.7" } }, "sha512-tCF0uCtHwesP4V5bQllEMHSaxZ3MJTzJyW4RAOsrtKHX28QwKJRgqG6yzcCZea5A6uDjKKprV4AV6cqzqxVqvg=="],

    "@drsmile1001/utils/@types/bun": ["@types/bun@1.3.11", "", { "dependencies": { "bun-types": "1.3.11" } }, "sha512-5vPne5QvtpjGpsGYXiFyycfpDF2ECyPcTSsFBMa0fraoxiQyMJ3SmuQIGhzPg2WJuWxVBoxWJ2kClYTcw/4fAg=="],

    "@drsmile1001/utils-yaml/@drsmile1001/logger": ["@drsmile1001/logger@1.0.0", "", { "dependencies": { "kleur": "^4.1.5", "rotating-file-stream": "^3.2.7" } }, "sha512-tCF0uCtHwesP4V5bQllEMHSaxZ3MJTzJyW4RAOsrtKHX28QwKJRgqG6yzcCZea5A6uDjKKprV4AV6cqzqxVqvg=="],

    "@drsmile1001/entity-store/@types/bun/bun-types": ["bun-types@1.3.11", "", { "dependencies": { "@types/node": "*" } }, "sha512-1KGPpoxQWl9f6wcZh57LvrPIInQMn2TQ7jsgxqpRzg+l0QPOFvJVH7HmvHo/AiPgwXy+/Thf6Ov3EdVn1vOabg=="],

    "@drsmile1001/utils/@types/bun/bun-types": ["bun-types@1.3.11", "", { "dependencies": { "@types/node": "*" } }, "sha512-1KGPpoxQWl9f6wcZh57LvrPIInQMn2TQ7jsgxqpRzg+l0QPOFvJVH7HmvHo/AiPgwXy+/Thf6Ov3EdVn1vOabg=="],
  }
}
